
Microsoft Visual Studio Solution File, Format Version 12.00
# Visual Studio Version 16
VisualStudioVersion = 16.0.37530.7
MinimumVisualStudioVersion = 10.0.40219.1
Project("{FAE04EC0-301F-11D3-BF4B-00C04F79EFBC}") = "LabTask_2", "LabTask_2.csproj", "{C054C4C7-CB5A-4039-908F-73A104CDFA64}"
EndProject
Global
	GlobalSection(SolutionConfigurationPlatforms) = preSolution
		Debug|Any CPU = Debug|Any CPU
		Release|Any CPU = Release|Any CPU
	EndGlobalSection
	GlobalSection(ProjectConfigurationPlatforms) = postSolution
		{C054C4C7-CB5A-4039-908F-73A104CDFA64}.Debug|Any CPU.ActiveCfg = Debug|Any CPU
		{C054C4C7-CB5A-4039-908F-73A104CDFA64}.Debug|Any CPU.Build.0 = Debug|Any CPU
		{C054C4C7-CB5A-4039-908F-73A104CDFA64}.Release|Any CPU.ActiveCfg = Release|Any CPU
		{C054C4C7-CB5A-4039-908F-73A104CDFA64}.Release|Any CPU.Build.0 = Release|Any CPU
	EndGlobalSection
	GlobalSection(SolutionProperties) = preSolution
		HideSolutionNode = FALSE
	EndGlobalSection
	GlobalSection(ExtensibilityGlobals) = postSolution
		SolutionGuid = {AD9076AE-D4CF-4F90-9166-94AB33A6FDE5}
	EndGlobalSection
EndGlobal
